// !$*UTF8*$!
{
	archiveVersion = 1;
	classes = {
	};
	objectVersion = 56;
	objects = {

/* Begin PBXBuildFile section */
		303398DD2CDDFD2A00977E8A /* UIView+Extensions.swift in Sources */ = {isa = PBXBuildFile; fileRef = 303398DC2CDDFD2A00977E8A /* UIView+Extensions.swift */; };
		303398ED2CE1A93A00977E8A /* CameraPermissionDataSource.swift in Sources */ = {isa = PBXBuildFile; fileRef = 303398EC2CE1A93A00977E8A /* CameraPermissionDataSource.swift */; };
		303398F32CE1F60700977E8A /* PhotoLibraryPermissionDataSource.swift in Sources */ = {isa = PBXBuildFile; fileRef = 303398F22CE1F60700977E8A /* PhotoLibraryPermissionDataSource.swift */; };
		303398F52CE1F63A00977E8A /* PermissionUseCase.swift in Sources */ = {isa = PBXBuildFile; fileRef = 303398F42CE1F63A00977E8A /* PermissionUseCase.swift */; };
		303398F72CE1F6F800977E8A /* PermissionRepository.swift in Sources */ = {isa = PBXBuildFile; fileRef = 303398F62CE1F6F800977E8A /* PermissionRepository.swift */; };
		303399032CE4714100977E8A /* TimestampProvider.swift in Sources */ = {isa = PBXBuildFile; fileRef = 303399022CE4714100977E8A /* TimestampProvider.swift */; };
		303399182CE5F61400977E8A /* AppVersionRepository.swift in Sources */ = {isa = PBXBuildFile; fileRef = 303399172CE5F61400977E8A /* AppVersionRepository.swift */; };
		3033991A2CE5F63200977E8A /* FetchAppVersionUseCase.swift in Sources */ = {isa = PBXBuildFile; fileRef = 303399192CE5F63200977E8A /* FetchAppVersionUseCase.swift */; };
		3052B1D12D1D2A9900145BC3 /* ImageUseCase.swift in Sources */ = {isa = PBXBuildFile; fileRef = 3052B1D02D1D2A9900145BC3 /* ImageUseCase.swift */; };
		3052B1D32D1D2ABF00145BC3 /* ImageWithMetadata.swift in Sources */ = {isa = PBXBuildFile; fileRef = 3052B1D22D1D2ABF00145BC3 /* ImageWithMetadata.swift */; };
		3052B1D52D1D2F0A00145BC3 /* UIImage+Extensions.swift in Sources */ = {isa = PBXBuildFile; fileRef = 3052B1D42D1D2F0A00145BC3 /* UIImage+Extensions.swift */; };
		3052B1E92D2E3CBB00145BC3 /* Localizable.strings in Resources */ = {isa = PBXBuildFile; fileRef = 3052B1E72D2E3CBB00145BC3 /* Localizable.strings */; };
		3052B1F12D2E416B00145BC3 /* String+Extensions.swift in Sources */ = {isa = PBXBuildFile; fileRef = 3052B1F02D2E416B00145BC3 /* String+Extensions.swift */; };
		30A2B1C22CE7B06600063D92 /* SnapKit in Frameworks */ = {isa = PBXBuildFile; productRef = 30A2B1C12CE7B06600063D92 /* SnapKit */; };
		30A2B1C92CE8C13B00063D92 /* InfoPlist.strings in Resources */ = {isa = PBXBuildFile; fileRef = 30A2B1CB2CE8C13B00063D92 /* InfoPlist.strings */; };
		30BBA9F22CB501E300A84090 /* AppDelegate.swift in Sources */ = {isa = PBXBuildFile; fileRef = 30BBA9F12CB501E300A84090 /* AppDelegate.swift */; };
		30BBA9F42CB501E300A84090 /* SceneDelegate.swift in Sources */ = {isa = PBXBuildFile; fileRef = 30BBA9F32CB501E300A84090 /* SceneDelegate.swift */; };
		30BBA9FB2CB501E400A84090 /* Assets.xcassets in Resources */ = {isa = PBXBuildFile; fileRef = 30BBA9FA2CB501E400A84090 /* Assets.xcassets */; };
		30BBA9FE2CB501E400A84090 /* Base in Resources */ = {isa = PBXBuildFile; fileRef = 30BBA9FD2CB501E400A84090 /* Base */; };
		30BBAA092CB501E400A84090 /* ImageCompressTests.swift in Sources */ = {isa = PBXBuildFile; fileRef = 30BBAA082CB501E400A84090 /* ImageCompressTests.swift */; };
		30BBAA132CB501E400A84090 /* ImageCompressUITests.swift in Sources */ = {isa = PBXBuildFile; fileRef = 30BBAA122CB501E400A84090 /* ImageCompressUITests.swift */; };
		30BBAA152CB501E400A84090 /* ImageCompressUITestsLaunchTests.swift in Sources */ = {isa = PBXBuildFile; fileRef = 30BBAA142CB501E400A84090 /* ImageCompressUITestsLaunchTests.swift */; };
		30BBAA232CB5028000A84090 /* AppFlowCoordinator.swift in Sources */ = {isa = PBXBuildFile; fileRef = 30BBAA222CB5028000A84090 /* AppFlowCoordinator.swift */; };
		30BBAA262CB5030C00A84090 /* MainCoordinator.swift in Sources */ = {isa = PBXBuildFile; fileRef = 30BBAA252CB5030C00A84090 /* MainCoordinator.swift */; };
		30BBAA2B2CB5038E00A84090 /* MainViewController.swift in Sources */ = {isa = PBXBuildFile; fileRef = 30BBAA2A2CB5038E00A84090 /* MainViewController.swift */; };
		30BBAA2E2CB503D500A84090 /* MainViewModel.swift in Sources */ = {isa = PBXBuildFile; fileRef = 30BBAA2D2CB503D500A84090 /* MainViewModel.swift */; };
		30BBAA322CB5057D00A84090 /* Observable.swift in Sources */ = {isa = PBXBuildFile; fileRef = 30BBAA312CB5057D00A84090 /* Observable.swift */; };
		30BBAA372CB5075C00A84090 /* DispatchQueueType.swift in Sources */ = {isa = PBXBuildFile; fileRef = 30BBAA362CB5075C00A84090 /* DispatchQueueType.swift */; };
		30BBAA392CB5081800A84090 /* XibInstantiable.swift in Sources */ = {isa = PBXBuildFile; fileRef = 30BBAA382CB5081800A84090 /* XibInstantiable.swift */; };
		30BBAA3C2CB5096F00A84090 /* UIViewController+AddBehaviors.swift in Sources */ = {isa = PBXBuildFile; fileRef = 30BBAA3B2CB5096F00A84090 /* UIViewController+AddBehaviors.swift */; };
		30BBAA3F2CB509A100A84090 /* BackButtonEmptyTitleNavigationBarBehavior.swift in Sources */ = {isa = PBXBuildFile; fileRef = 30BBAA3E2CB509A100A84090 /* BackButtonEmptyTitleNavigationBarBehavior.swift */; };
		30BBAA412CB509D100A84090 /* BlackStyleNavigationBarBehavior.swift in Sources */ = {isa = PBXBuildFile; fileRef = 30BBAA402CB509D100A84090 /* BlackStyleNavigationBarBehavior.swift */; };
		30BBAA4F2CB5143F00A84090 /* CompressTabViewController.swift in Sources */ = {isa = PBXBuildFile; fileRef = 30BBAA4C2CB5143F00A84090 /* CompressTabViewController.swift */; };
		30BBAA532CB517AA00A84090 /* StoryboardInstantiable.swift in Sources */ = {isa = PBXBuildFile; fileRef = 30BBAA522CB517AA00A84090 /* StoryboardInstantiable.swift */; };
		30BBAA552CB517E400A84090 /* MainViewController.storyboard in Resources */ = {isa = PBXBuildFile; fileRef = 30BBAA542CB517E400A84090 /* MainViewController.storyboard */; };
		30BBAA592CB522FA00A84090 /* AppColors.xcassets in Resources */ = {isa = PBXBuildFile; fileRef = 30BBAA582CB522FA00A84090 /* AppColors.xcassets */; };
		30BBAA5E2CB8FFCE00A84090 /* AppSettingTabViewController.swift in Sources */ = {isa = PBXBuildFile; fileRef = 30BBAA5D2CB8FFCE00A84090 /* AppSettingTabViewController.swift */; };
		30BBAA772CB90A5C00A84090 /* AccessibilityIdentifier.swift in Sources */ = {isa = PBXBuildFile; fileRef = 30BBAA762CB90A5C00A84090 /* AccessibilityIdentifier.swift */; };
		30BBAA7C2CB9121B00A84090 /* UserDefaultsManager.swift in Sources */ = {isa = PBXBuildFile; fileRef = 30BBAA7B2CB9121B00A84090 /* UserDefaultsManager.swift */; };
		30BBAA842CB9137800A84090 /* Cancellable.swift in Sources */ = {isa = PBXBuildFile; fileRef = 30BBAA832CB9137800A84090 /* Cancellable.swift */; };
		30BBAA882CB913E500A84090 /* NetworkService.swift in Sources */ = {isa = PBXBuildFile; fileRef = 30BBAA872CB913E500A84090 /* NetworkService.swift */; };
		30BBAA8A2CB9141800A84090 /* RepositoryTask.swift in Sources */ = {isa = PBXBuildFile; fileRef = 30BBAA892CB9141800A84090 /* RepositoryTask.swift */; };
		30E4AE4C2CEAD42800B6C503 /* GoogleMobileAds in Frameworks */ = {isa = PBXBuildFile; productRef = 30E4AE4B2CEAD42800B6C503 /* GoogleMobileAds */; };
		30E4AE4F2CEAD53E00B6C503 /* Config.swift in Sources */ = {isa = PBXBuildFile; fileRef = 30E4AE4E2CEAD53E00B6C503 /* Config.swift */; };
		30E4AE662CEB2D6A00B6C503 /* AdmobManager.swift in Sources */ = {isa = PBXBuildFile; fileRef = 30E4AE652CEB2D6A00B6C503 /* AdmobManager.swift */; };
		30E4AE732CEC32AE00B6C503 /* UIColor+Extensions.swift in Sources */ = {isa = PBXBuildFile; fileRef = 30E4AE722CEC32AE00B6C503 /* UIColor+Extensions.swift */; };
		36D586416515A5B8D022D5E4 /* MultiImagePickerCoordinator.swift in Sources */ = {isa = PBXBuildFile; fileRef = BA46E8219CDBD5D961D30087 /* MultiImagePickerCoordinator.swift */; };
		3A07A8C0A9EC1F7B7E2C7F33 /* HEICConversionViewModel.swift in Sources */ = {isa = PBXBuildFile; fileRef = 9AAAFA7D598431A6C39B8DA7 /* HEICConversionViewModel.swift */; };
		3C76246A738064C44C44F949 /* HEICConversionUseCase.swift in Sources */ = {isa = PBXBuildFile; fileRef = F0849DCC3AB8B9674B2C0455 /* HEICConversionUseCase.swift */; };
		6235BB6FFB05BCF1562B86E3 /* DefaultImageConversionRepository.swift in Sources */ = {isa = PBXBuildFile; fileRef = 338752AD354D96C3C329D828 /* DefaultImageConversionRepository.swift */; };
		988AE02AC6E33AC3581AFA0D /* DefaultHEICConversionUseCase.swift in Sources */ = {isa = PBXBuildFile; fileRef = 9655E2091468A68880348EFD /* DefaultHEICConversionUseCase.swift */; };
		B4661765AE2E10AE184A31D2 /* HEICConversionViewController.swift in Sources */ = {isa = PBXBuildFile; fileRef = DF09B62547F2AF70EDF1AD00 /* HEICConversionViewController.swift */; };
		CA0000012D000001000000CA /* CompressedImage.swift in Sources */ = {isa = PBXBuildFile; fileRef = CA0000002D000001000000CA /* CompressedImage.swift */; };
		CA0000032D000003000000CA /* ImageQuality.swift in Sources */ = {isa = PBXBuildFile; fileRef = CA0000022D000002000000CA /* ImageQuality.swift */; };
		CA0000052D000005000000CA /* ImageSize.swift in Sources */ = {isa = PBXBuildFile; fileRef = CA0000042D000004000000CA /* ImageSize.swift */; };
		CA0000072D000007000000CA /* ImageFormat.swift in Sources */ = {isa = PBXBuildFile; fileRef = CA0000062D000006000000CA /* ImageFormat.swift */; };
		CA0000092D000009000000CA /* ImageRepository.swift in Sources */ = {isa = PBXBuildFile; fileRef = CA0000082D000008000000CA /* ImageRepository.swift */; };
		CA0000112D000011000000CA /* ImageProcessingRepository.swift in Sources */ = {isa = PBXBuildFile; fileRef = CA0000102D000010000000CA /* ImageProcessingRepository.swift */; };
		CA0000132D000013000000CA /* SettingsRepository.swift in Sources */ = {isa = PBXBuildFile; fileRef = CA0000122D000012000000CA /* SettingsRepository.swift */; };
		CA0000152D000015000000CA /* ApplicationRepository.swift in Sources */ = {isa = PBXBuildFile; fileRef = CA0000142D000014000000CA /* ApplicationRepository.swift */; };
		CA0000172D000017000000CA /* ImageCompressUseCase.swift in Sources */ = {isa = PBXBuildFile; fileRef = CA0000162D000016000000CA /* ImageCompressUseCase.swift */; };
		CA0000192D000019000000CA /* ImageSaveUseCase.swift in Sources */ = {isa = PBXBuildFile; fileRef = CA0000182D000018000000CA /* ImageSaveUseCase.swift */; };
		CA0000212D000021000000CA /* DefaultImageCompressUseCase.swift in Sources */ = {isa = PBXBuildFile; fileRef = CA0000202D000020000000CA /* DefaultImageCompressUseCase.swift */; };
		CA0000232D000023000000CA /* DefaultImageSaveUseCase.swift in Sources */ = {isa = PBXBuildFile; fileRef = CA0000222D000022000000CA /* DefaultImageSaveUseCase.swift */; };
		CA0000252D000025000000CA /* DefaultImageProcessingRepository.swift in Sources */ = {isa = PBXBuildFile; fileRef = CA0000242D000024000000CA /* DefaultImageProcessingRepository.swift */; };
		CA0000272D000027000000CA /* DefaultImageRepository.swift in Sources */ = {isa = PBXBuildFile; fileRef = CA0000262D000026000000CA /* DefaultImageRepository.swift */; };
		CA0000292D000029000000CA /* DefaultSettingsRepository.swift in Sources */ = {isa = PBXBuildFile; fileRef = CA0000282D000028000000CA /* DefaultSettingsRepository.swift */; };
		CA0000312D000031000000CA /* DefaultApplicationRepository.swift in Sources */ = {isa = PBXBuildFile; fileRef = CA0000302D000030000000CA /* DefaultApplicationRepository.swift */; };
		CA0000332D000033000000CA /* DefaultPermissionRepository.swift in Sources */ = {isa = PBXBuildFile; fileRef = CA0000322D000032000000CA /* DefaultPermissionRepository.swift */; };
		CA0000352D000035000000CA /* AdService.swift in Sources */ = {isa = PBXBuildFile; fileRef = CA0000342D000034000000CA /* AdService.swift */; };
		CA0000372D000037000000CA /* AdmobService.swift in Sources */ = {isa = PBXBuildFile; fileRef = CA0000362D000036000000CA /* AdmobService.swift */; };
		CA0000392D000039000000CA /* ImagePickerCoordinator.swift in Sources */ = {isa = PBXBuildFile; fileRef = CA0000382D000038000000CA /* ImagePickerCoordinator.swift */; };
		CA0000412D000041000000CA /* AppDIContainer.swift in Sources */ = {isa = PBXBuildFile; fileRef = CA0000402D000040000000CA /* AppDIContainer.swift */; };
		CA0000432D000043000000CA /* MainSceneDIContainer.swift in Sources */ = {isa = PBXBuildFile; fileRef = CA0000422D000042000000CA /* MainSceneDIContainer.swift */; };
		E2410B7CC29D244AED847C91 /* ImageConversionRepository.swift in Sources */ = {isa = PBXBuildFile; fileRef = D81C3F2E84F124B79475CC0B /* ImageConversionRepository.swift */; };
/* End PBXBuildFile section */

/* Begin PBXContainerItemProxy section */
		30BBAA052CB501E400A84090 /* PBXContainerItemProxy */ = {
			isa = PBXContainerItemProxy;
			containerPortal = 30BBA9E62CB501E300A84090 /* Project object */;
			proxyType = 1;
			remoteGlobalIDString = 30BBA9ED2CB501E300A84090;
			remoteInfo = WithRunning;
		};
		30BBAA0F2CB501E400A84090 /* PBXContainerItemProxy */ = {
			isa = PBXContainerItemProxy;
			containerPortal = 30BBA9E62CB501E300A84090 /* Project object */;
			proxyType = 1;
			remoteGlobalIDString = 30BBA9ED2CB501E300A84090;
			remoteInfo = WithRunning;
		};
/* End PBXContainerItemProxy section */

/* Begin PBXFileReference section */
		303398DC2CDDFD2A00977E8A /* UIView+Extensions.swift */ = {isa = PBXFileReference; lastKnownFileType = sourcecode.swift; path = "UIView+Extensions.swift"; sourceTree = "<group>"; };
		303398EC2CE1A93A00977E8A /* CameraPermissionDataSource.swift */ = {isa = PBXFileReference; lastKnownFileType = sourcecode.swift; path = CameraPermissionDataSource.swift; sourceTree = "<group>"; };
		303398F22CE1F60700977E8A /* PhotoLibraryPermissionDataSource.swift */ = {isa = PBXFileReference; lastKnownFileType = sourcecode.swift; path = PhotoLibraryPermissionDataSource.swift; sourceTree = "<group>"; };
		303398F42CE1F63A00977E8A /* PermissionUseCase.swift */ = {isa = PBXFileReference; lastKnownFileType = sourcecode.swift; path = PermissionUseCase.swift; sourceTree = "<group>"; };
		303398F62CE1F6F800977E8A /* PermissionRepository.swift */ = {isa = PBXFileReference; lastKnownFileType = sourcecode.swift; path = PermissionRepository.swift; sourceTree = "<group>"; };
		303399022CE4714100977E8A /* TimestampProvider.swift */ = {isa = PBXFileReference; lastKnownFileType = sourcecode.swift; path = TimestampProvider.swift; sourceTree = "<group>"; };
		303399172CE5F61400977E8A /* AppVersionRepository.swift */ = {isa = PBXFileReference; lastKnownFileType = sourcecode.swift; path = AppVersionRepository.swift; sourceTree = "<group>"; };
		303399192CE5F63200977E8A /* FetchAppVersionUseCase.swift */ = {isa = PBXFileReference; lastKnownFileType = sourcecode.swift; path = FetchAppVersionUseCase.swift; sourceTree = "<group>"; };
		3052B1D02D1D2A9900145BC3 /* ImageUseCase.swift */ = {isa = PBXFileReference; lastKnownFileType = sourcecode.swift; path = ImageUseCase.swift; sourceTree = "<group>"; };
		3052B1D22D1D2ABF00145BC3 /* ImageWithMetadata.swift */ = {isa = PBXFileReference; lastKnownFileType = sourcecode.swift; path = ImageWithMetadata.swift; sourceTree = "<group>"; };
		3052B1D42D1D2F0A00145BC3 /* UIImage+Extensions.swift */ = {isa = PBXFileReference; lastKnownFileType = sourcecode.swift; path = "UIImage+Extensions.swift"; sourceTree = "<group>"; };
		3052B1E82D2E3CBB00145BC3 /* en */ = {isa = PBXFileReference; lastKnownFileType = text.plist.strings; name = en; path = en.lproj/Localizable.strings; sourceTree = "<group>"; };
		3052B1EA2D2E3CE200145BC3 /* fr */ = {isa = PBXFileReference; lastKnownFileType = text.plist.strings; name = fr; path = fr.lproj/Localizable.strings; sourceTree = "<group>"; };
		3052B1EB2D2E3CE200145BC3 /* de */ = {isa = PBXFileReference; lastKnownFileType = text.plist.strings; name = de; path = de.lproj/Localizable.strings; sourceTree = "<group>"; };
		3052B1EC2D2E3CE300145BC3 /* ja */ = {isa = PBXFileReference; lastKnownFileType = text.plist.strings; name = ja; path = ja.lproj/Localizable.strings; sourceTree = "<group>"; };
		3052B1ED2D2E3CE300145BC3 /* ko */ = {isa = PBXFileReference; lastKnownFileType = text.plist.strings; name = ko; path = ko.lproj/Localizable.strings; sourceTree = "<group>"; };
		3052B1EE2D2E3CE500145BC3 /* ms */ = {isa = PBXFileReference; lastKnownFileType = text.plist.strings; name = ms; path = ms.lproj/Localizable.strings; sourceTree = "<group>"; };
		3052B1EF2D2E3CE600145BC3 /* vi */ = {isa = PBXFileReference; lastKnownFileType = text.plist.strings; name = vi; path = vi.lproj/Localizable.strings; sourceTree = "<group>"; };
		3052B1F02D2E416B00145BC3 /* String+Extensions.swift */ = {isa = PBXFileReference; lastKnownFileType = sourcecode.swift; path = "String+Extensions.swift"; sourceTree = "<group>"; };
		30A2B1CA2CE8C13B00063D92 /* en */ = {isa = PBXFileReference; lastKnownFileType = text.plist.strings; name = en; path = en.lproj/InfoPlist.strings; sourceTree = "<group>"; };
		30A2B1CC2CE8C2F900063D92 /* ko */ = {isa = PBXFileReference; lastKnownFileType = text.plist.strings; name = ko; path = ko.lproj/InfoPlist.strings; sourceTree = "<group>"; };
		30BBA9EE2CB501E300A84090 /* LitePhoto.app */ = {isa = PBXFileReference; explicitFileType = wrapper.application; includeInIndex = 0; path = LitePhoto.app; sourceTree = BUILT_PRODUCTS_DIR; };
		30BBA9F12CB501E300A84090 /* AppDelegate.swift */ = {isa = PBXFileReference; lastKnownFileType = sourcecode.swift; path = AppDelegate.swift; sourceTree = "<group>"; };
		30BBA9F32CB501E300A84090 /* SceneDelegate.swift */ = {isa = PBXFileReference; lastKnownFileType = sourcecode.swift; path = SceneDelegate.swift; sourceTree = "<group>"; };
		30BBA9FA2CB501E400A84090 /* Assets.xcassets */ = {isa = PBXFileReference; lastKnownFileType = folder.assetcatalog; path = Assets.xcassets; sourceTree = "<group>"; };
		30BBA9FD2CB501E400A84090 /* Base */ = {isa = PBXFileReference; lastKnownFileType = file.storyboard; name = Base; path = Base.lproj/LaunchScreen.storyboard; sourceTree = "<group>"; };
		30BBA9FF2CB501E400A84090 /* Info.plist */ = {isa = PBXFileReference; lastKnownFileType = text.plist.xml; path = Info.plist; sourceTree = "<group>"; };
		30BBAA042CB501E400A84090 /* ImageCompressTests.xctest */ = {isa = PBXFileReference; explicitFileType = wrapper.cfbundle; includeInIndex = 0; path = ImageCompressTests.xctest; sourceTree = BUILT_PRODUCTS_DIR; };
		30BBAA082CB501E400A84090 /* ImageCompressTests.swift */ = {isa = PBXFileReference; lastKnownFileType = sourcecode.swift; path = ImageCompressTests.swift; sourceTree = "<group>"; };
		30BBAA0E2CB501E400A84090 /* ImageCompressUITests.xctest */ = {isa = PBXFileReference; explicitFileType = wrapper.cfbundle; includeInIndex = 0; path = ImageCompressUITests.xctest; sourceTree = BUILT_PRODUCTS_DIR; };
		30BBAA122CB501E400A84090 /* ImageCompressUITests.swift */ = {isa = PBXFileReference; lastKnownFileType = sourcecode.swift; path = ImageCompressUITests.swift; sourceTree = "<group>"; };
		30BBAA142CB501E400A84090 /* ImageCompressUITestsLaunchTests.swift */ = {isa = PBXFileReference; lastKnownFileType = sourcecode.swift; path = ImageCompressUITestsLaunchTests.swift; sourceTree = "<group>"; };
		30BBAA222CB5028000A84090 /* AppFlowCoordinator.swift */ = {isa = PBXFileReference; lastKnownFileType = sourcecode.swift; path = AppFlowCoordinator.swift; sourceTree = "<group>"; };
		30BBAA252CB5030C00A84090 /* MainCoordinator.swift */ = {isa = PBXFileReference; lastKnownFileType = sourcecode.swift; path = MainCoordinator.swift; sourceTree = "<group>"; };
		30BBAA2A2CB5038E00A84090 /* MainViewController.swift */ = {isa = PBXFileReference; lastKnownFileType = sourcecode.swift; path = MainViewController.swift; sourceTree = "<group>"; };
		30BBAA2D2CB503D500A84090 /* MainViewModel.swift */ = {isa = PBXFileReference; lastKnownFileType = sourcecode.swift; path = MainViewModel.swift; sourceTree = "<group>"; };
		30BBAA312CB5057D00A84090 /* Observable.swift */ = {isa = PBXFileReference; lastKnownFileType = sourcecode.swift; path = Observable.swift; sourceTree = "<group>"; };
		30BBAA362CB5075C00A84090 /* DispatchQueueType.swift */ = {isa = PBXFileReference; lastKnownFileType = sourcecode.swift; path = DispatchQueueType.swift; sourceTree = "<group>"; };
		30BBAA382CB5081800A84090 /* XibInstantiable.swift */ = {isa = PBXFileReference; lastKnownFileType = sourcecode.swift; path = XibInstantiable.swift; sourceTree = "<group>"; };
		30BBAA3B2CB5096F00A84090 /* UIViewController+AddBehaviors.swift */ = {isa = PBXFileReference; lastKnownFileType = sourcecode.swift; path = "UIViewController+AddBehaviors.swift"; sourceTree = "<group>"; };
		30BBAA3E2CB509A100A84090 /* BackButtonEmptyTitleNavigationBarBehavior.swift */ = {isa = PBXFileReference; lastKnownFileType = sourcecode.swift; path = BackButtonEmptyTitleNavigationBarBehavior.swift; sourceTree = "<group>"; };
		30BBAA402CB509D100A84090 /* BlackStyleNavigationBarBehavior.swift */ = {isa = PBXFileReference; lastKnownFileType = sourcecode.swift; path = BlackStyleNavigationBarBehavior.swift; sourceTree = "<group>"; };
		30BBAA4C2CB5143F00A84090 /* CompressTabViewController.swift */ = {isa = PBXFileReference; lastKnownFileType = sourcecode.swift; path = CompressTabViewController.swift; sourceTree = "<group>"; };
		30BBAA522CB517AA00A84090 /* StoryboardInstantiable.swift */ = {isa = PBXFileReference; lastKnownFileType = sourcecode.swift; path = StoryboardInstantiable.swift; sourceTree = "<group>"; };
		30BBAA542CB517E400A84090 /* MainViewController.storyboard */ = {isa = PBXFileReference; lastKnownFileType = file.storyboard; path = MainViewController.storyboard; sourceTree = "<group>"; };
		30BBAA582CB522FA00A84090 /* AppColors.xcassets */ = {isa = PBXFileReference; lastKnownFileType = folder.assetcatalog; path = AppColors.xcassets; sourceTree = "<group>"; };
		30BBAA5D2CB8FFCE00A84090 /* AppSettingTabViewController.swift */ = {isa = PBXFileReference; lastKnownFileType = sourcecode.swift; path = AppSettingTabViewController.swift; sourceTree = "<group>"; };
		30BBAA762CB90A5C00A84090 /* AccessibilityIdentifier.swift */ = {isa = PBXFileReference; lastKnownFileType = sourcecode.swift; path = AccessibilityIdentifier.swift; sourceTree = "<group>"; };
		30BBAA7B2CB9121B00A84090 /* UserDefaultsManager.swift */ = {isa = PBXFileReference; lastKnownFileType = sourcecode.swift; path = UserDefaultsManager.swift; sourceTree = "<group>"; };
		30BBAA832CB9137800A84090 /* Cancellable.swift */ = {isa = PBXFileReference; lastKnownFileType = sourcecode.swift; path = Cancellable.swift; sourceTree = "<group>"; };
		30BBAA872CB913E500A84090 /* NetworkService.swift */ = {isa = PBXFileReference; lastKnownFileType = sourcecode.swift; path = NetworkService.swift; sourceTree = "<group>"; };
		30BBAA892CB9141800A84090 /* RepositoryTask.swift */ = {isa = PBXFileReference; lastKnownFileType = sourcecode.swift; path = RepositoryTask.swift; sourceTree = "<group>"; };
		30C44DFC2CEE03FB004EEA79 /* ImageCompress.entitlements */ = {isa = PBXFileReference; lastKnownFileType = text.plist.entitlements; path = ImageCompress.entitlements; sourceTree = "<group>"; };
		30E4AE4E2CEAD53E00B6C503 /* Config.swift */ = {isa = PBXFileReference; lastKnownFileType = sourcecode.swift; path = Config.swift; sourceTree = "<group>"; };
		30E4AE5B2CEB2B2400B6C503 /* fr */ = {isa = PBXFileReference; lastKnownFileType = text.plist.strings; name = fr; path = fr.lproj/InfoPlist.strings; sourceTree = "<group>"; };
		30E4AE5C2CEB2B2400B6C503 /* de */ = {isa = PBXFileReference; lastKnownFileType = text.plist.strings; name = de; path = de.lproj/InfoPlist.strings; sourceTree = "<group>"; };
		30E4AE5D2CEB2B2500B6C503 /* ja */ = {isa = PBXFileReference; lastKnownFileType = text.plist.strings; name = ja; path = ja.lproj/InfoPlist.strings; sourceTree = "<group>"; };
		30E4AE5E2CEB2B2500B6C503 /* ms */ = {isa = PBXFileReference; lastKnownFileType = text.plist.strings; name = ms; path = ms.lproj/InfoPlist.strings; sourceTree = "<group>"; };
		30E4AE5F2CEB2B2600B6C503 /* vi */ = {isa = PBXFileReference; lastKnownFileType = text.plist.strings; name = vi; path = vi.lproj/InfoPlist.strings; sourceTree = "<group>"; };
		30E4AE652CEB2D6A00B6C503 /* AdmobManager.swift */ = {isa = PBXFileReference; lastKnownFileType = sourcecode.swift; path = AdmobManager.swift; sourceTree = "<group>"; };
		30E4AE722CEC32AE00B6C503 /* UIColor+Extensions.swift */ = {isa = PBXFileReference; lastKnownFileType = sourcecode.swift; path = "UIColor+Extensions.swift"; sourceTree = "<group>"; };
		338752AD354D96C3C329D828 /* DefaultImageConversionRepository.swift */ = {isa = PBXFileReference; includeInIndex = 1; lastKnownFileType = sourcecode.swift; name = DefaultImageConversionRepository.swift; path = ImageCompress/Data/Repositories/DefaultImageConversionRepository.swift; sourceTree = "<group>"; };
		9655E2091468A68880348EFD /* DefaultHEICConversionUseCase.swift */ = {isa = PBXFileReference; includeInIndex = 1; lastKnownFileType = sourcecode.swift; name = DefaultHEICConversionUseCase.swift; path = ImageCompress/Domain/UseCases/Implementations/DefaultHEICConversionUseCase.swift; sourceTree = "<group>"; };
		9AAAFA7D598431A6C39B8DA7 /* HEICConversionViewModel.swift */ = {isa = PBXFileReference; includeInIndex = 1; lastKnownFileType = sourcecode.swift; name = HEICConversionViewModel.swift; path = ImageCompress/Presentation/HEICConversion/ViewModels/HEICConversionViewModel.swift; sourceTree = "<group>"; };
		BA46E8219CDBD5D961D30087 /* MultiImagePickerCoordinator.swift */ = {isa = PBXFileReference; includeInIndex = 1; lastKnownFileType = sourcecode.swift; name = MultiImagePickerCoordinator.swift; path = ImageCompress/Presentation/ImagePicker/MultiImagePickerCoordinator.swift; sourceTree = "<group>"; };
		CA0000002D000001000000CA /* CompressedImage.swift */ = {isa = PBXFileReference; lastKnownFileType = sourcecode.swift; path = CompressedImage.swift; sourceTree = "<group>"; };
		CA0000022D000002000000CA /* ImageQuality.swift */ = {isa = PBXFileReference; lastKnownFileType = sourcecode.swift; path = ImageQuality.swift; sourceTree = "<group>"; };
		CA0000042D000004000000CA /* ImageSize.swift */ = {isa = PBXFileReference; lastKnownFileType = sourcecode.swift; path = ImageSize.swift; sourceTree = "<group>"; };
		CA0000062D000006000000CA /* ImageFormat.swift */ = {isa = PBXFileReference; lastKnownFileType = sourcecode.swift; path = ImageFormat.swift; sourceTree = "<group>"; };
		CA0000082D000008000000CA /* ImageRepository.swift */ = {isa = PBXFileReference; lastKnownFileType = sourcecode.swift; path = ImageRepository.swift; sourceTree = "<group>"; };
		CA0000102D000010000000CA /* ImageProcessingRepository.swift */ = {isa = PBXFileReference; lastKnownFileType = sourcecode.swift; path = ImageProcessingRepository.swift; sourceTree = "<group>"; };
		CA0000122D000012000000CA /* SettingsRepository.swift */ = {isa = PBXFileReference; lastKnownFileType = sourcecode.swift; path = SettingsRepository.swift; sourceTree = "<group>"; };
		CA0000142D000014000000CA /* ApplicationRepository.swift */ = {isa = PBXFileReference; lastKnownFileType = sourcecode.swift; path = ApplicationRepository.swift; sourceTree = "<group>"; };
		CA0000162D000016000000CA /* ImageCompressUseCase.swift */ = {isa = PBXFileReference; lastKnownFileType = sourcecode.swift; path = ImageCompressUseCase.swift; sourceTree = "<group>"; };
		CA0000182D000018000000CA /* ImageSaveUseCase.swift */ = {isa = PBXFileReference; lastKnownFileType = sourcecode.swift; path = ImageSaveUseCase.swift; sourceTree = "<group>"; };
		CA0000202D000020000000CA /* DefaultImageCompressUseCase.swift */ = {isa = PBXFileReference; lastKnownFileType = sourcecode.swift; path = DefaultImageCompressUseCase.swift; sourceTree = "<group>"; };
		CA0000222D000022000000CA /* DefaultImageSaveUseCase.swift */ = {isa = PBXFileReference; lastKnownFileType = sourcecode.swift; path = DefaultImageSaveUseCase.swift; sourceTree = "<group>"; };
		CA0000242D000024000000CA /* DefaultImageProcessingRepository.swift */ = {isa = PBXFileReference; lastKnownFileType = sourcecode.swift; path = DefaultImageProcessingRepository.swift; sourceTree = "<group>"; };
		CA0000262D000026000000CA /* DefaultImageRepository.swift */ = {isa = PBXFileReference; lastKnownFileType = sourcecode.swift; path = DefaultImageRepository.swift; sourceTree = "<group>"; };
		CA0000282D000028000000CA /* DefaultSettingsRepository.swift */ = {isa = PBXFileReference; lastKnownFileType = sourcecode.swift; path = DefaultSettingsRepository.swift; sourceTree = "<group>"; };
		CA0000302D000030000000CA /* DefaultApplicationRepository.swift */ = {isa = PBXFileReference; lastKnownFileType = sourcecode.swift; path = DefaultApplicationRepository.swift; sourceTree = "<group>"; };
		CA0000322D000032000000CA /* DefaultPermissionRepository.swift */ = {isa = PBXFileReference; lastKnownFileType = sourcecode.swift; path = DefaultPermissionRepository.swift; sourceTree = "<group>"; };
		CA0000342D000034000000CA /* AdService.swift */ = {isa = PBXFileReference; lastKnownFileType = sourcecode.swift; path = AdService.swift; sourceTree = "<group>"; };
		CA0000362D000036000000CA /* AdmobService.swift */ = {isa = PBXFileReference; lastKnownFileType = sourcecode.swift; path = AdmobService.swift; sourceTree = "<group>"; };
		CA0000382D000038000000CA /* ImagePickerCoordinator.swift */ = {isa = PBXFileReference; lastKnownFileType = sourcecode.swift; path = ImagePickerCoordinator.swift; sourceTree = "<group>"; };
		CA0000402D000040000000CA /* AppDIContainer.swift */ = {isa = PBXFileReference; lastKnownFileType = sourcecode.swift; path = AppDIContainer.swift; sourceTree = "<group>"; };
		CA0000422D000042000000CA /* MainSceneDIContainer.swift */ = {isa = PBXFileReference; lastKnownFileType = sourcecode.swift; path = MainSceneDIContainer.swift; sourceTree = "<group>"; };
		D81C3F2E84F124B79475CC0B /* ImageConversionRepository.swift */ = {isa = PBXFileReference; includeInIndex = 1; lastKnownFileType = sourcecode.swift; name = ImageConversionRepository.swift; path = ImageCompress/Domain/Interfaces/Repositories/ImageConversionRepository.swift; sourceTree = "<group>"; };
		DF09B62547F2AF70EDF1AD00 /* HEICConversionViewController.swift */ = {isa = PBXFileReference; includeInIndex = 1; lastKnownFileType = sourcecode.swift; name = HEICConversionViewController.swift; path = ImageCompress/Presentation/HEICConversion/Views/HEICConversionViewController.swift; sourceTree = "<group>"; };
		F0849DCC3AB8B9674B2C0455 /* HEICConversionUseCase.swift */ = {isa = PBXFileReference; includeInIndex = 1; lastKnownFileType = sourcecode.swift; name = HEICConversionUseCase.swift; path = ImageCompress/Domain/UseCases/Protocols/HEICConversionUseCase.swift; sourceTree = "<group>"; };
/* End PBXFileReference section */

/* Begin PBXFrameworksBuildPhase section */
		30BBA9EB2CB501E300A84090 /* Frameworks */ = {
			isa = PBXFrameworksBuildPhase;
			buildActionMask = 2147483647;
			files = (
				30E4AE4C2CEAD42800B6C503 /* GoogleMobileAds in Frameworks */,
				30A2B1C22CE7B06600063D92 /* SnapKit in Frameworks */,
			);
			runOnlyForDeploymentPostprocessing = 0;
		};
		30BBAA012CB501E400A84090 /* Frameworks */ = {
			isa = PBXFrameworksBuildPhase;
			buildActionMask = 2147483647;
			files = (
			);
			runOnlyForDeploymentPostprocessing = 0;
		};
		30BBAA0B2CB501E400A84090 /* Frameworks */ = {
			isa = PBXFrameworksBuildPhase;
			buildActionMask = 2147483647;
			files = (
			);
			runOnlyForDeploymentPostprocessing = 0;
		};
/* End PBXFrameworksBuildPhase section */

/* Begin PBXGroup section */
		0719D75D7C7F3C25273E41D7 /* ImagePicker */ = {
			isa = PBXGroup;
			children = (
				BA46E8219CDBD5D961D30087 /* MultiImagePickerCoordinator.swift */,
			);
			name = ImagePicker;
			sourceTree = "<group>";
		};
		245D2A864FDEAC009C518AA5 /* UseCases */ = {
			isa = PBXGroup;
			children = (
				53669F2360899930E7E8D6BA /* Protocols */,
				DAE2CFE5CF1DF1BDC64A35ED /* Implementations */,
			);
			name = UseCases;
			sourceTree = "<group>";
		};
		302722D17DB5D915E58B1777 /* HEICConversion */ = {
			isa = PBXGroup;
			children = (
				7E9A0806E0EA5F131E545D97 /* ViewModels */,
				D0C5A43ECB40054722263C9C /* Views */,
			);
			name = HEICConversion;
			sourceTree = "<group>";
		};
		303398EB2CE1A92700977E8A /* DataSources */ = {
			isa = PBXGroup;
			children = (
				303398EC2CE1A93A00977E8A /* CameraPermissionDataSource.swift */,
				303398F22CE1F60700977E8A /* PhotoLibraryPermissionDataSource.swift */,
			);
			path = DataSources;
			sourceTree = "<group>";
		};
		30BBA9E52CB501E300A84090 = {
			isa = PBXGroup;
			children = (
				30BBA9F02CB501E300A84090 /* ImageCompress */,
				30BBAA072CB501E400A84090 /* ImageCompressTests */,
				30BBAA112CB501E400A84090 /* ImageCompressUITests */,
				30BBA9EF2CB501E300A84090 /* Products */,
				30E2BAE52CC2621200BB7057 /* Frameworks */,
				B721A27B586CF32AE0D42390 /* ImageCompress */,
			);
			sourceTree = "<group>";
		};
		30BBA9EF2CB501E300A84090 /* Products */ = {
			isa = PBXGroup;
			children = (
				30BBA9EE2CB501E300A84090 /* LitePhoto.app */,
				30BBAA042CB501E400A84090 /* ImageCompressTests.xctest */,
				30BBAA0E2CB501E400A84090 /* ImageCompressUITests.xctest */,
			);
			name = Products;
			sourceTree = "<group>";
		};
		30BBA9F02CB501E300A84090 /* ImageCompress */ = {
			isa = PBXGroup;
			children = (
				30C44DFC2CEE03FB004EEA79 /* ImageCompress.entitlements */,
				30BBAA852CB913C900A84090 /* Infrastructure */,
				30BBAA562CB522B900A84090 /* Resources */,
				30BBAA782CB910E100A84090 /* Data */,
				30BBAA662CB9024300A84090 /* Domain */,
				30BBAA352CB5075100A84090 /* Common */,
				30BBAA242CB5030000A84090 /* Presentation */,
				30BBAA212CB5027400A84090 /* Application */,
				30BBA9F12CB501E300A84090 /* AppDelegate.swift */,
				30BBA9F32CB501E300A84090 /* SceneDelegate.swift */,
			);
			path = ImageCompress;
			sourceTree = "<group>";
		};
		30BBAA072CB501E400A84090 /* ImageCompressTests */ = {
			isa = PBXGroup;
			children = (
				30BBAA082CB501E400A84090 /* ImageCompressTests.swift */,
			);
			path = ImageCompressTests;
			sourceTree = "<group>";
		};
		30BBAA112CB501E400A84090 /* ImageCompressUITests */ = {
			isa = PBXGroup;
			children = (
				30BBAA122CB501E400A84090 /* ImageCompressUITests.swift */,
				30BBAA142CB501E400A84090 /* ImageCompressUITestsLaunchTests.swift */,
			);
			path = ImageCompressUITests;
			sourceTree = "<group>";
		};
		30BBAA212CB5027400A84090 /* Application */ = {
			isa = PBXGroup;
			children = (
				30BBAA222CB5028000A84090 /* AppFlowCoordinator.swift */,
				CA00004A2D00004A000000CA /* DIContainer */,
			);
			path = Application;
			sourceTree = "<group>";
		};
		30BBAA242CB5030000A84090 /* Presentation */ = {
			isa = PBXGroup;
			children = (
				30BBAA2F2CB5056A00A84090 /* Utils */,
				30BBAA292CB5034A00A84090 /* Main */,
				CA00004B2D00004B000000CA /* ImagePicker */,
			);
			path = Presentation;
			sourceTree = "<group>";
		};
		30BBAA272CB5033300A84090 /* MainTab */ = {
			isa = PBXGroup;
			children = (
				30BBAA752CB9094200A84090 /* PhotoMain */,
				30BBAA422CB509E700A84090 /* Coordinator */,
				30BBAA3D2CB5099700A84090 /* Behaviors */,
			);
			path = MainTab;
			sourceTree = "<group>";
		};
		30BBAA292CB5034A00A84090 /* Main */ = {
			isa = PBXGroup;
			children = (
				30BBAA272CB5033300A84090 /* MainTab */,
			);
			path = Main;
			sourceTree = "<group>";
		};
		30BBAA2C2CB503C500A84090 /* ViewModels */ = {
			isa = PBXGroup;
			children = (
				30BBAA2D2CB503D500A84090 /* MainViewModel.swift */,
			);
			path = ViewModels;
			sourceTree = "<group>";
		};
		30BBAA2F2CB5056A00A84090 /* Utils */ = {
			isa = PBXGroup;
			children = (
				30BBAA3A2CB5096500A84090 /* Extenstions */,
				30BBAA302CB5057000A84090 /* Protocols */,
				30BBAA762CB90A5C00A84090 /* AccessibilityIdentifier.swift */,
			);
			path = Utils;
			sourceTree = "<group>";
		};
		30BBAA302CB5057000A84090 /* Protocols */ = {
			isa = PBXGroup;
			children = (
				30BBAA312CB5057D00A84090 /* Observable.swift */,
			);
			path = Protocols;
			sourceTree = "<group>";
		};
		30BBAA352CB5075100A84090 /* Common */ = {
			isa = PBXGroup;
			children = (
				30BBAA7B2CB9121B00A84090 /* UserDefaultsManager.swift */,
				30BBAA362CB5075C00A84090 /* DispatchQueueType.swift */,
				30BBAA382CB5081800A84090 /* XibInstantiable.swift */,
				30BBAA522CB517AA00A84090 /* StoryboardInstantiable.swift */,
				30BBAA832CB9137800A84090 /* Cancellable.swift */,
			);
			path = Common;
			sourceTree = "<group>";
		};
		30BBAA3A2CB5096500A84090 /* Extenstions */ = {
			isa = PBXGroup;
			children = (
				30BBAA3B2CB5096F00A84090 /* UIViewController+AddBehaviors.swift */,
				303398DC2CDDFD2A00977E8A /* UIView+Extensions.swift */,
				30E4AE722CEC32AE00B6C503 /* UIColor+Extensions.swift */,
				3052B1D42D1D2F0A00145BC3 /* UIImage+Extensions.swift */,
				3052B1F02D2E416B00145BC3 /* String+Extensions.swift */,
			);
			path = Extenstions;
			sourceTree = "<group>";
		};
		30BBAA3D2CB5099700A84090 /* Behaviors */ = {
			isa = PBXGroup;
			children = (
				30BBAA3E2CB509A100A84090 /* BackButtonEmptyTitleNavigationBarBehavior.swift */,
				30BBAA402CB509D100A84090 /* BlackStyleNavigationBarBehavior.swift */,
			);
			path = Behaviors;
			sourceTree = "<group>";
		};
		30BBAA422CB509E700A84090 /* Coordinator */ = {
			isa = PBXGroup;
			children = (
				30BBAA252CB5030C00A84090 /* MainCoordinator.swift */,
			);
			path = Coordinator;
			sourceTree = "<group>";
		};
		30BBAA562CB522B900A84090 /* Resources */ = {
			isa = PBXGroup;
			children = (
				30BBA9FC2CB501E400A84090 /* LaunchScreen.storyboard */,
				30BBA9FF2CB501E400A84090 /* Info.plist */,
				30BBA9FA2CB501E400A84090 /* Assets.xcassets */,
				30BBAA582CB522FA00A84090 /* AppColors.xcassets */,
				30A2B1CB2CE8C13B00063D92 /* InfoPlist.strings */,
				3052B1E72D2E3CBB00145BC3 /* Localizable.strings */,
			);
			path = Resources;
			sourceTree = "<group>";
		};
		30BBAA5F2CB9005100A84090 /* Views */ = {
			isa = PBXGroup;
			children = (
				30BBAA2A2CB5038E00A84090 /* MainViewController.swift */,
				30BBAA542CB517E400A84090 /* MainViewController.storyboard */,
				30BBAA4C2CB5143F00A84090 /* CompressTabViewController.swift */,
				30BBAA5D2CB8FFCE00A84090 /* AppSettingTabViewController.swift */,
			);
			path = Views;
			sourceTree = "<group>";
		};
		30BBAA662CB9024300A84090 /* Domain */ = {
			isa = PBXGroup;
			children = (
				30BBAA8B2CB9164F00A84090 /* UseCases */,
				30BBAA7D2CB912E700A84090 /* Interfaces */,
				30BBAA672CB9025000A84090 /* Entities */,
			);
			path = Domain;
			sourceTree = "<group>";
		};
		30BBAA672CB9025000A84090 /* Entities */ = {
			isa = PBXGroup;
			children = (
				3052B1D22D1D2ABF00145BC3 /* ImageWithMetadata.swift */,
				CA0000002D000001000000CA /* CompressedImage.swift */,
				CA0000022D000002000000CA /* ImageQuality.swift */,
				CA0000042D000004000000CA /* ImageSize.swift */,
				CA0000062D000006000000CA /* ImageFormat.swift */,
			);
			path = Entities;
			sourceTree = "<group>";
		};
		30BBAA752CB9094200A84090 /* PhotoMain */ = {
			isa = PBXGroup;
			children = (
				30BBAA2C2CB503C500A84090 /* ViewModels */,
				30BBAA5F2CB9005100A84090 /* Views */,
			);
			path = PhotoMain;
			sourceTree = "<group>";
		};
		30BBAA782CB910E100A84090 /* Data */ = {
			isa = PBXGroup;
			children = (
				30BBAA792CB911B700A84090 /* Repositories */,
				CA00004C2D00004C000000CA /* DataSources */,
			);
			path = Data;
			sourceTree = "<group>";
		};
		30BBAA792CB911B700A84090 /* Repositories */ = {
			isa = PBXGroup;
			children = (
				30E4AE4D2CEAD53100B6C503 /* Admob */,
				30BBAA7A2CB911CE00A84090 /* Utils */,
				CA0000242D000024000000CA /* DefaultImageProcessingRepository.swift */,
				CA0000262D000026000000CA /* DefaultImageRepository.swift */,
				CA0000282D000028000000CA /* DefaultSettingsRepository.swift */,
				CA0000302D000030000000CA /* DefaultApplicationRepository.swift */,
				CA0000322D000032000000CA /* DefaultPermissionRepository.swift */,
			);
			path = Repositories;
			sourceTree = "<group>";
		};
		30BBAA7A2CB911CE00A84090 /* Utils */ = {
			isa = PBXGroup;
			children = (
				30BBAA892CB9141800A84090 /* RepositoryTask.swift */,
				303399022CE4714100977E8A /* TimestampProvider.swift */,
			);
			path = Utils;
			sourceTree = "<group>";
		};
		30BBAA7D2CB912E700A84090 /* Interfaces */ = {
			isa = PBXGroup;
			children = (
				303398EB2CE1A92700977E8A /* DataSources */,
				30BBAA7E2CB912ED00A84090 /* Repositories */,
			);
			path = Interfaces;
			sourceTree = "<group>";
		};
		30BBAA7E2CB912ED00A84090 /* Repositories */ = {
			isa = PBXGroup;
			children = (
				303398F62CE1F6F800977E8A /* PermissionRepository.swift */,
				303399172CE5F61400977E8A /* AppVersionRepository.swift */,
				CA0000082D000008000000CA /* ImageRepository.swift */,
				CA0000102D000010000000CA /* ImageProcessingRepository.swift */,
				CA0000122D000012000000CA /* SettingsRepository.swift */,
				CA0000142D000014000000CA /* ApplicationRepository.swift */,
			);
			path = Repositories;
			sourceTree = "<group>";
		};
		30BBAA852CB913C900A84090 /* Infrastructure */ = {
			isa = PBXGroup;
			children = (
				30BBAA862CB913DB00A84090 /* Network */,
				CA00004D2D00004D000000CA /* Advertising */,
			);
			path = Infrastructure;
			sourceTree = "<group>";
		};
		30BBAA862CB913DB00A84090 /* Network */ = {
			isa = PBXGroup;
			children = (
				30BBAA872CB913E500A84090 /* NetworkService.swift */,
			);
			path = Network;
			sourceTree = "<group>";
		};
		30BBAA8B2CB9164F00A84090 /* UseCases */ = {
			isa = PBXGroup;
			children = (
				303398F42CE1F63A00977E8A /* PermissionUseCase.swift */,
				303399192CE5F63200977E8A /* FetchAppVersionUseCase.swift */,
				3052B1D02D1D2A9900145BC3 /* ImageUseCase.swift */,
				CA00004E2D00004E000000CA /* Protocols */,
				CA00004F2D00004F000000CA /* Implementations */,
			);
			path = UseCases;
			sourceTree = "<group>";
		};
		30E2BAE52CC2621200BB7057 /* Frameworks */ = {
			isa = PBXGroup;
			children = (
			);
			name = Frameworks;
			sourceTree = "<group>";
		};
		30E4AE4D2CEAD53100B6C503 /* Admob */ = {
			isa = PBXGroup;
			children = (
				30E4AE4E2CEAD53E00B6C503 /* Config.swift */,
				30E4AE652CEB2D6A00B6C503 /* AdmobManager.swift */,
			);
			path = Admob;
			sourceTree = "<group>";
		};
		4B59031FDE454366FE1FF4AA /* Repositories */ = {
			isa = PBXGroup;
			children = (
				D81C3F2E84F124B79475CC0B /* ImageConversionRepository.swift */,
			);
			name = Repositories;
			sourceTree = "<group>";
		};
		53669F2360899930E7E8D6BA /* Protocols */ = {
			isa = PBXGroup;
			children = (
				F0849DCC3AB8B9674B2C0455 /* HEICConversionUseCase.swift */,
			);
			name = Protocols;
			sourceTree = "<group>";
		};
		5D7392FC3318692CA5C6C35A /* Presentation */ = {
			isa = PBXGroup;
			children = (
				0719D75D7C7F3C25273E41D7 /* ImagePicker */,
				302722D17DB5D915E58B1777 /* HEICConversion */,
			);
			name = Presentation;
			sourceTree = "<group>";
		};
		7E9A0806E0EA5F131E545D97 /* ViewModels */ = {
			isa = PBXGroup;
			children = (
				9AAAFA7D598431A6C39B8DA7 /* HEICConversionViewModel.swift */,
			);
			name = ViewModels;
			sourceTree = "<group>";
		};
		B721A27B586CF32AE0D42390 /* ImageCompress */ = {
			isa = PBXGroup;
			children = (
				FBDB5193CB7E139B78795211 /* Domain */,
				DB63419F2CBE54F328A11CBA /* Data */,
				5D7392FC3318692CA5C6C35A /* Presentation */,
			);
			name = ImageCompress;
			sourceTree = "<group>";
		};
		CA00004A2D00004A000000CA /* DIContainer */ = {
			isa = PBXGroup;
			children = (
				CA0000402D000040000000CA /* AppDIContainer.swift */,
				CA0000422D000042000000CA /* MainSceneDIContainer.swift */,
			);
			path = DIContainer;
			sourceTree = "<group>";
		};
		CA00004B2D00004B000000CA /* ImagePicker */ = {
			isa = PBXGroup;
			children = (
				CA0000382D000038000000CA /* ImagePickerCoordinator.swift */,
			);
			path = ImagePicker;
			sourceTree = "<group>";
		};
		CA00004C2D00004C000000CA /* DataSources */ = {
			isa = PBXGroup;
			children = (
				CA000050200000502000000A /* Permission */,
			);
			path = DataSources;
			sourceTree = "<group>";
		};
		CA00004D2D00004D000000CA /* Advertising */ = {
			isa = PBXGroup;
			children = (
				CA0000342D000034000000CA /* AdService.swift */,
				CA0000362D000036000000CA /* AdmobService.swift */,
			);
			path = Advertising;
			sourceTree = "<group>";
		};
		CA00004E2D00004E000000CA /* Protocols */ = {
			isa = PBXGroup;
			children = (
				CA0000162D000016000000CA /* ImageCompressUseCase.swift */,
				CA0000182D000018000000CA /* ImageSaveUseCase.swift */,
			);
			path = Protocols;
			sourceTree = "<group>";
		};
		CA00004F2D00004F000000CA /* Implementations */ = {
			isa = PBXGroup;
			children = (
				CA0000202D000020000000CA /* DefaultImageCompressUseCase.swift */,
				CA0000222D000022000000CA /* DefaultImageSaveUseCase.swift */,
			);
			path = Implementations;
			sourceTree = "<group>";
		};
		CA000050200000502000000A /* Permission */ = {
			isa = PBXGroup;
			children = (
			);
			path = Permission;
			sourceTree = "<group>";
		};
		D0C5A43ECB40054722263C9C /* Views */ = {
			isa = PBXGroup;
			children = (
				DF09B62547F2AF70EDF1AD00 /* HEICConversionViewController.swift */,
			);
			name = Views;
			sourceTree = "<group>";
		};
		DAE2CFE5CF1DF1BDC64A35ED /* Implementations */ = {
			isa = PBXGroup;
			children = (
				9655E2091468A68880348EFD /* DefaultHEICConversionUseCase.swift */,
			);
			name = Implementations;
			sourceTree = "<group>";
		};
		DB63419F2CBE54F328A11CBA /* Data */ = {
			isa = PBXGroup;
			children = (
				F137343AF3D409C127547D25 /* Repositories */,
			);
			name = Data;
			sourceTree = "<group>";
		};
		DE3D5C9E25D316CDF4C27797 /* Interfaces */ = {
			isa = PBXGroup;
			children = (
				4B59031FDE454366FE1FF4AA /* Repositories */,
			);
			name = Interfaces;
			sourceTree = "<group>";
		};
		F137343AF3D409C127547D25 /* Repositories */ = {
			isa = PBXGroup;
			children = (
				338752AD354D96C3C329D828 /* DefaultImageConversionRepository.swift */,
			);
			name = Repositories;
			sourceTree = "<group>";
		};
		FBDB5193CB7E139B78795211 /* Domain */ = {
			isa = PBXGroup;
			children = (
				245D2A864FDEAC009C518AA5 /* UseCases */,
				DE3D5C9E25D316CDF4C27797 /* Interfaces */,
			);
			name = Domain;
			sourceTree = "<group>";
		};
/* End PBXGroup section */

/* Begin PBXNativeTarget section */
		30BBA9ED2CB501E300A84090 /* ImageCompress */ = {
			isa = PBXNativeTarget;
			buildConfigurationList = 30BBAA182CB501E400A84090 /* Build configuration list for PBXNativeTarget "ImageCompress" */;
			buildPhases = (
				30BBA9EA2CB501E300A84090 /* Sources */,
				30BBA9EB2CB501E300A84090 /* Frameworks */,
				30BBA9EC2CB501E300A84090 /* Resources */,
			);
			buildRules = (
			);
			dependencies = (
			);
			name = ImageCompress;
			packageProductDependencies = (
				30A2B1C12CE7B06600063D92 /* SnapKit */,
				30E4AE4B2CEAD42800B6C503 /* GoogleMobileAds */,
			);
			productName = WithRunning;
			productReference = 30BBA9EE2CB501E300A84090 /* LitePhoto.app */;
			productType = "com.apple.product-type.application";
		};
		30BBAA032CB501E400A84090 /* ImageCompressTests */ = {
			isa = PBXNativeTarget;
			buildConfigurationList = 30BBAA1B2CB501E400A84090 /* Build configuration list for PBXNativeTarget "ImageCompressTests" */;
			buildPhases = (
				30BBAA002CB501E400A84090 /* Sources */,
				30BBAA012CB501E400A84090 /* Frameworks */,
				30BBAA022CB501E400A84090 /* Resources */,
			);
			buildRules = (
			);
			dependencies = (
				30BBAA062CB501E400A84090 /* PBXTargetDependency */,
			);
			name = ImageCompressTests;
			productName = WithRunningTests;
			productReference = 30BBAA042CB501E400A84090 /* ImageCompressTests.xctest */;
			productType = "com.apple.product-type.bundle.unit-test";
		};
		30BBAA0D2CB501E400A84090 /* ImageCompressUITests */ = {
			isa = PBXNativeTarget;
			buildConfigurationList = 30BBAA1E2CB501E400A84090 /* Build configuration list for PBXNativeTarget "ImageCompressUITests" */;
			buildPhases = (
				30BBAA0A2CB501E400A84090 /* Sources */,
				30BBAA0B2CB501E400A84090 /* Frameworks */,
				30BBAA0C2CB501E400A84090 /* Resources */,
			);
			buildRules = (
			);
			dependencies = (
				30BBAA102CB501E400A84090 /* PBXTargetDependency */,
			);
			name = ImageCompressUITests;
			productName = WithRunningUITests;
			productReference = 30BBAA0E2CB501E400A84090 /* ImageCompressUITests.xctest */;
			productType = "com.apple.product-type.bundle.ui-testing";
		};
/* End PBXNativeTarget section */

/* Begin PBXProject section */
		30BBA9E62CB501E300A84090 /* Project object */ = {
			isa = PBXProject;
			attributes = {
				BuildIndependentTargetsInParallel = 1;
				LastSwiftUpdateCheck = 1540;
				LastUpgradeCheck = 1540;
				TargetAttributes = {
					30BBA9ED2CB501E300A84090 = {
						CreatedOnToolsVersion = 15.4;
					};
					30BBAA032CB501E400A84090 = {
						CreatedOnToolsVersion = 15.4;
						TestTargetID = 30BBA9ED2CB501E300A84090;
					};
					30BBAA0D2CB501E400A84090 = {
						CreatedOnToolsVersion = 15.4;
						TestTargetID = 30BBA9ED2CB501E300A84090;
					};
				};
			};
			buildConfigurationList = 30BBA9E92CB501E300A84090 /* Build configuration list for PBXProject "ImageCompress" */;
			compatibilityVersion = "Xcode 14.0";
			developmentRegion = en;
			hasScannedForEncodings = 0;
			knownRegions = (
				en,
				Base,
				ko,
				ja,
				de,
				fr,
				vi,
				ms,
			);
			mainGroup = 30BBA9E52CB501E300A84090;
			packageReferences = (
				30A2B1C02CE7AFDF00063D92 /* XCRemoteSwiftPackageReference "SnapKit" */,
				30E4AE4A2CEAD42800B6C503 /* XCRemoteSwiftPackageReference "swift-package-manager-google-mobile-ads" */,
			);
			productRefGroup = 30BBA9EF2CB501E300A84090 /* Products */;
			projectDirPath = "";
			projectRoot = "";
			targets = (
				30BBA9ED2CB501E300A84090 /* ImageCompress */,
				30BBAA032CB501E400A84090 /* ImageCompressTests */,
				30BBAA0D2CB501E400A84090 /* ImageCompressUITests */,
			);
		};
/* End PBXProject section */

/* Begin PBXResourcesBuildPhase section */
		30BBA9EC2CB501E300A84090 /* Resources */ = {
			isa = PBXResourcesBuildPhase;
			buildActionMask = 2147483647;
			files = (
				30A2B1C92CE8C13B00063D92 /* InfoPlist.strings in Resources */,
				30BBA9FB2CB501E400A84090 /* Assets.xcassets in Resources */,
				30BBAA592CB522FA00A84090 /* AppColors.xcassets in Resources */,
				3052B1E92D2E3CBB00145BC3 /* Localizable.strings in Resources */,
				30BBAA552CB517E400A84090 /* MainViewController.storyboard in Resources */,
				30BBA9FE2CB501E400A84090 /* Base in Resources */,
			);
			runOnlyForDeploymentPostprocessing = 0;
		};
		30BBAA022CB501E400A84090 /* Resources */ = {
			isa = PBXResourcesBuildPhase;
			buildActionMask = 2147483647;
			files = (
			);
			runOnlyForDeploymentPostprocessing = 0;
		};
		30BBAA0C2CB501E400A84090 /* Resources */ = {
			isa = PBXResourcesBuildPhase;
			buildActionMask = 2147483647;
			files = (
			);
			runOnlyForDeploymentPostprocessing = 0;
		};
/* End PBXResourcesBuildPhase section */

/* Begin PBXSourcesBuildPhase section */
		30BBA9EA2CB501E300A84090 /* Sources */ = {
			isa = PBXSourcesBuildPhase;
			buildActionMask = 2147483647;
			files = (
				30BBAA3F2CB509A100A84090 /* BackButtonEmptyTitleNavigationBarBehavior.swift in Sources */,
				30BBAA322CB5057D00A84090 /* Observable.swift in Sources */,
				30BBAA5E2CB8FFCE00A84090 /* AppSettingTabViewController.swift in Sources */,
				3052B1D12D1D2A9900145BC3 /* ImageUseCase.swift in Sources */,
				30BBAA232CB5028000A84090 /* AppFlowCoordinator.swift in Sources */,
				30BBAA412CB509D100A84090 /* BlackStyleNavigationBarBehavior.swift in Sources */,
				303398DD2CDDFD2A00977E8A /* UIView+Extensions.swift in Sources */,
				30BBAA882CB913E500A84090 /* NetworkService.swift in Sources */,
				30BBAA3C2CB5096F00A84090 /* UIViewController+AddBehaviors.swift in Sources */,
				30BBAA2E2CB503D500A84090 /* MainViewModel.swift in Sources */,
				30BBAA372CB5075C00A84090 /* DispatchQueueType.swift in Sources */,
				30BBAA842CB9137800A84090 /* Cancellable.swift in Sources */,
				30E4AE732CEC32AE00B6C503 /* UIColor+Extensions.swift in Sources */,
				303398ED2CE1A93A00977E8A /* CameraPermissionDataSource.swift in Sources */,
				303398F32CE1F60700977E8A /* PhotoLibraryPermissionDataSource.swift in Sources */,
				3052B1F12D2E416B00145BC3 /* String+Extensions.swift in Sources */,
				30BBAA2B2CB5038E00A84090 /* MainViewController.swift in Sources */,
				30BBAA8A2CB9141800A84090 /* RepositoryTask.swift in Sources */,
				303399032CE4714100977E8A /* TimestampProvider.swift in Sources */,
				303398F72CE1F6F800977E8A /* PermissionRepository.swift in Sources */,
				30BBAA262CB5030C00A84090 /* MainCoordinator.swift in Sources */,
				303399182CE5F61400977E8A /* AppVersionRepository.swift in Sources */,
				30BBAA392CB5081800A84090 /* XibInstantiable.swift in Sources */,
				30BBAA7C2CB9121B00A84090 /* UserDefaultsManager.swift in Sources */,
				30BBAA4F2CB5143F00A84090 /* CompressTabViewController.swift in Sources */,
				30E4AE662CEB2D6A00B6C503 /* AdmobManager.swift in Sources */,
				30BBAA772CB90A5C00A84090 /* AccessibilityIdentifier.swift in Sources */,
				30E4AE4F2CEAD53E00B6C503 /* Config.swift in Sources */,
				3033991A2CE5F63200977E8A /* FetchAppVersionUseCase.swift in Sources */,
				30BBA9F22CB501E300A84090 /* AppDelegate.swift in Sources */,
				30BBAA532CB517AA00A84090 /* StoryboardInstantiable.swift in Sources */,
				303398F52CE1F63A00977E8A /* PermissionUseCase.swift in Sources */,
				3052B1D52D1D2F0A00145BC3 /* UIImage+Extensions.swift in Sources */,
				30BBA9F42CB501E300A84090 /* SceneDelegate.swift in Sources */,
				3052B1D32D1D2ABF00145BC3 /* ImageWithMetadata.swift in Sources */,
				CA0000012D000001000000CA /* CompressedImage.swift in Sources */,
				CA0000032D000003000000CA /* ImageQuality.swift in Sources */,
				CA0000052D000005000000CA /* ImageSize.swift in Sources */,
				CA0000072D000007000000CA /* ImageFormat.swift in Sources */,
				CA0000092D000009000000CA /* ImageRepository.swift in Sources */,
				CA0000112D000011000000CA /* ImageProcessingRepository.swift in Sources */,
				CA0000132D000013000000CA /* SettingsRepository.swift in Sources */,
				CA0000152D000015000000CA /* ApplicationRepository.swift in Sources */,
				CA0000172D000017000000CA /* ImageCompressUseCase.swift in Sources */,
				CA0000192D000019000000CA /* ImageSaveUseCase.swift in Sources */,
				CA0000212D000021000000CA /* DefaultImageCompressUseCase.swift in Sources */,
				CA0000232D000023000000CA /* DefaultImageSaveUseCase.swift in Sources */,
				CA0000252D000025000000CA /* DefaultImageProcessingRepository.swift in Sources */,
				CA0000272D000027000000CA /* DefaultImageRepository.swift in Sources */,
				CA0000292D000029000000CA /* DefaultSettingsRepository.swift in Sources */,
				CA0000312D000031000000CA /* DefaultApplicationRepository.swift in Sources */,
				CA0000332D000033000000CA /* DefaultPermissionRepository.swift in Sources */,
				CA0000352D000035000000CA /* AdService.swift in Sources */,
				CA0000372D000037000000CA /* AdmobService.swift in Sources */,
				CA0000392D000039000000CA /* ImagePickerCoordinator.swift in Sources */,
				CA0000412D000041000000CA /* AppDIContainer.swift in Sources */,
				CA0000432D000043000000CA /* MainSceneDIContainer.swift in Sources */,
				3C76246A738064C44C44F949 /* HEICConversionUseCase.swift in Sources */,
				E2410B7CC29D244AED847C91 /* ImageConversionRepository.swift in Sources */,
				988AE02AC6E33AC3581AFA0D /* DefaultHEICConversionUseCase.swift in Sources */,
				6235BB6FFB05BCF1562B86E3 /* DefaultImageConversionRepository.swift in Sources */,
				36D586416515A5B8D022D5E4 /* MultiImagePickerCoordinator.swift in Sources */,
				3A07A8C0A9EC1F7B7E2C7F33 /* HEICConversionViewModel.swift in Sources */,
				B4661765AE2E10AE184A31D2 /* HEICConversionViewController.swift in Sources */,
			);
			runOnlyForDeploymentPostprocessing = 0;
		};
		30BBAA002CB501E400A84090 /* Sources */ = {
			isa = PBXSourcesBuildPhase;
			buildActionMask = 2147483647;
			files = (
				30BBAA092CB501E400A84090 /* ImageCompressTests.swift in Sources */,
			);
			runOnlyForDeploymentPostprocessing = 0;
		};
		30BBAA0A2CB501E400A84090 /* Sources */ = {
			isa = PBXSourcesBuildPhase;
			buildActionMask = 2147483647;
			files = (
				30BBAA152CB501E400A84090 /* ImageCompressUITestsLaunchTests.swift in Sources */,
				30BBAA132CB501E400A84090 /* ImageCompressUITests.swift in Sources */,
			);
			runOnlyForDeploymentPostprocessing = 0;
		};
/* End PBXSourcesBuildPhase section */

/* Begin PBXTargetDependency section */
		30BBAA062CB501E400A84090 /* PBXTargetDependency */ = {
			isa = PBXTargetDependency;
			target = 30BBA9ED2CB501E300A84090 /* ImageCompress */;
			targetProxy = 30BBAA052CB501E400A84090 /* PBXContainerItemProxy */;
		};
		30BBAA102CB501E400A84090 /* PBXTargetDependency */ = {
			isa = PBXTargetDependency;
			target = 30BBA9ED2CB501E300A84090 /* ImageCompress */;
			targetProxy = 30BBAA0F2CB501E400A84090 /* PBXContainerItemProxy */;
		};
/* End PBXTargetDependency section */

/* Begin PBXVariantGroup section */
		3052B1E72D2E3CBB00145BC3 /* Localizable.strings */ = {
			isa = PBXVariantGroup;
			children = (
				3052B1E82D2E3CBB00145BC3 /* en */,
				3052B1EA2D2E3CE200145BC3 /* fr */,
				3052B1EB2D2E3CE200145BC3 /* de */,
				3052B1EC2D2E3CE300145BC3 /* ja */,
				3052B1ED2D2E3CE300145BC3 /* ko */,
				3052B1EE2D2E3CE500145BC3 /* ms */,
				3052B1EF2D2E3CE600145BC3 /* vi */,
			);
			name = Localizable.strings;
			sourceTree = "<group>";
		};
		30A2B1CB2CE8C13B00063D92 /* InfoPlist.strings */ = {
			isa = PBXVariantGroup;
			children = (
				30A2B1CA2CE8C13B00063D92 /* en */,
				30A2B1CC2CE8C2F900063D92 /* ko */,
				30E4AE5B2CEB2B2400B6C503 /* fr */,
				30E4AE5C2CEB2B2400B6C503 /* de */,
				30E4AE5D2CEB2B2500B6C503 /* ja */,
				30E4AE5E2CEB2B2500B6C503 /* ms */,
				30E4AE5F2CEB2B2600B6C503 /* vi */,
			);
			name = InfoPlist.strings;
			sourceTree = "<group>";
		};
		30BBA9FC2CB501E400A84090 /* LaunchScreen.storyboard */ = {
			isa = PBXVariantGroup;
			children = (
				30BBA9FD2CB501E400A84090 /* Base */,
			);
			name = LaunchScreen.storyboard;
			sourceTree = "<group>";
		};
/* End PBXVariantGroup section */

/* Begin XCBuildConfiguration section */
		30BBAA162CB501E400A84090 /* Debug */ = {
			isa = XCBuildConfiguration;
			buildSettings = {
				ALWAYS_SEARCH_USER_PATHS = NO;
				ASSETCATALOG_COMPILER_GENERATE_SWIFT_ASSET_SYMBOL_EXTENSIONS = YES;
				CLANG_ANALYZER_LOCALIZABILITY_NONLOCALIZED = YES;
				CLANG_ANALYZER_NONNULL = YES;
				CLANG_ANALYZER_NUMBER_OBJECT_CONVERSION = YES_AGGRESSIVE;
				CLANG_CXX_LANGUAGE_STANDARD = "gnu++20";
				CLANG_ENABLE_MODULES = YES;
				CLANG_ENABLE_OBJC_ARC = YES;
				CLANG_ENABLE_OBJC_WEAK = YES;
				CLANG_WARN_BLOCK_CAPTURE_AUTORELEASING = YES;
				CLANG_WARN_BOOL_CONVERSION = YES;
				CLANG_WARN_COMMA = YES;
				CLANG_WARN_CONSTANT_CONVERSION = YES;
				CLANG_WARN_DEPRECATED_OBJC_IMPLEMENTATIONS = YES;
				CLANG_WARN_DIRECT_OBJC_ISA_USAGE = YES_ERROR;
				CLANG_WARN_DOCUMENTATION_COMMENTS = YES;
				CLANG_WARN_EMPTY_BODY = YES;
				CLANG_WARN_ENUM_CONVERSION = YES;
				CLANG_WARN_INFINITE_RECURSION = YES;
				CLANG_WARN_INT_CONVERSION = YES;
				CLANG_WARN_NON_LITERAL_NULL_CONVERSION = YES;
				CLANG_WARN_OBJC_IMPLICIT_RETAIN_SELF = YES;
				CLANG_WARN_OBJC_LITERAL_CONVERSION = YES;
				CLANG_WARN_OBJC_ROOT_CLASS = YES_ERROR;
				CLANG_WARN_QUOTED_INCLUDE_IN_FRAMEWORK_HEADER = YES;
				CLANG_WARN_RANGE_LOOP_ANALYSIS = YES;
				CLANG_WARN_STRICT_PROTOTYPES = YES;
				CLANG_WARN_SUSPICIOUS_MOVE = YES;
				CLANG_WARN_UNGUARDED_AVAILABILITY = YES_AGGRESSIVE;
				CLANG_WARN_UNREACHABLE_CODE = YES;
				CLANG_WARN__DUPLICATE_METHOD_MATCH = YES;
				COPY_PHASE_STRIP = NO;
				DEBUG_INFORMATION_FORMAT = dwarf;
				ENABLE_STRICT_OBJC_MSGSEND = YES;
				ENABLE_TESTABILITY = YES;
				ENABLE_USER_SCRIPT_SANDBOXING = YES;
				GCC_C_LANGUAGE_STANDARD = gnu17;
				GCC_DYNAMIC_NO_PIC = NO;
				GCC_NO_COMMON_BLOCKS = YES;
				GCC_OPTIMIZATION_LEVEL = 0;
				GCC_PREPROCESSOR_DEFINITIONS = (
					"DEBUG=1",
					"$(inherited)",
				);
				GCC_WARN_64_TO_32_BIT_CONVERSION = YES;
				GCC_WARN_ABOUT_RETURN_TYPE = YES_ERROR;
				GCC_WARN_UNDECLARED_SELECTOR = YES;
				GCC_WARN_UNINITIALIZED_AUTOS = YES_AGGRESSIVE;
				GCC_WARN_UNUSED_FUNCTION = YES;
				GCC_WARN_UNUSED_VARIABLE = YES;
				IPHONEOS_DEPLOYMENT_TARGET = 17.5;
				LOCALIZATION_PREFERS_STRING_CATALOGS = YES;
				MTL_ENABLE_DEBUG_INFO = INCLUDE_SOURCE;
				MTL_FAST_MATH = YES;
				ONLY_ACTIVE_ARCH = YES;
				SDKROOT = iphoneos;
				SWIFT_ACTIVE_COMPILATION_CONDITIONS = "DEBUG $(inherited)";
				SWIFT_OPTIMIZATION_LEVEL = "-Onone";
			};
			name = Debug;
		};
		30BBAA172CB501E400A84090 /* Release */ = {
			isa = XCBuildConfiguration;
			buildSettings = {
				ALWAYS_SEARCH_USER_PATHS = NO;
				ASSETCATALOG_COMPILER_GENERATE_SWIFT_ASSET_SYMBOL_EXTENSIONS = YES;
				CLANG_ANALYZER_LOCALIZABILITY_NONLOCALIZED = YES;
				CLANG_ANALYZER_NONNULL = YES;
				CLANG_ANALYZER_NUMBER_OBJECT_CONVERSION = YES_AGGRESSIVE;
				CLANG_CXX_LANGUAGE_STANDARD = "gnu++20";
				CLANG_ENABLE_MODULES = YES;
				CLANG_ENABLE_OBJC_ARC = YES;
				CLANG_ENABLE_OBJC_WEAK = YES;
				CLANG_WARN_BLOCK_CAPTURE_AUTORELEASING = YES;
				CLANG_WARN_BOOL_CONVERSION = YES;
				CLANG_WARN_COMMA = YES;
				CLANG_WARN_CONSTANT_CONVERSION = YES;
				CLANG_WARN_DEPRECATED_OBJC_IMPLEMENTATIONS = YES;
				CLANG_WARN_DIRECT_OBJC_ISA_USAGE = YES_ERROR;
				CLANG_WARN_DOCUMENTATION_COMMENTS = YES;
				CLANG_WARN_EMPTY_BODY = YES;
				CLANG_WARN_ENUM_CONVERSION = YES;
				CLANG_WARN_INFINITE_RECURSION = YES;
				CLANG_WARN_INT_CONVERSION = YES;
				CLANG_WARN_NON_LITERAL_NULL_CONVERSION = YES;
				CLANG_WARN_OBJC_IMPLICIT_RETAIN_SELF = YES;
				CLANG_WARN_OBJC_LITERAL_CONVERSION = YES;
				CLANG_WARN_OBJC_ROOT_CLASS = YES_ERROR;
				CLANG_WARN_QUOTED_INCLUDE_IN_FRAMEWORK_HEADER = YES;
				CLANG_WARN_RANGE_LOOP_ANALYSIS = YES;
				CLANG_WARN_STRICT_PROTOTYPES = YES;
				CLANG_WARN_SUSPICIOUS_MOVE = YES;
				CLANG_WARN_UNGUARDED_AVAILABILITY = YES_AGGRESSIVE;
				CLANG_WARN_UNREACHABLE_CODE = YES;
				CLANG_WARN__DUPLICATE_METHOD_MATCH = YES;
				COPY_PHASE_STRIP = NO;
				DEBUG_INFORMATION_FORMAT = "dwarf-with-dsym";
				ENABLE_NS_ASSERTIONS = NO;
				ENABLE_STRICT_OBJC_MSGSEND = YES;
				ENABLE_USER_SCRIPT_SANDBOXING = YES;
				GCC_C_LANGUAGE_STANDARD = gnu17;
				GCC_NO_COMMON_BLOCKS = YES;
				GCC_WARN_64_TO_32_BIT_CONVERSION = YES;
				GCC_WARN_ABOUT_RETURN_TYPE = YES_ERROR;
				GCC_WARN_UNDECLARED_SELECTOR = YES;
				GCC_WARN_UNINITIALIZED_AUTOS = YES_AGGRESSIVE;
				GCC_WARN_UNUSED_FUNCTION = YES;
				GCC_WARN_UNUSED_VARIABLE = YES;
				IPHONEOS_DEPLOYMENT_TARGET = 17.5;
				LOCALIZATION_PREFERS_STRING_CATALOGS = YES;
				MTL_ENABLE_DEBUG_INFO = NO;
				MTL_FAST_MATH = YES;
				SDKROOT = iphoneos;
				SWIFT_COMPILATION_MODE = wholemodule;
				VALIDATE_PRODUCT = YES;
			};
			name = Release;
		};
		30BBAA192CB501E400A84090 /* Debug */ = {
			isa = XCBuildConfiguration;
			buildSettings = {
				ASSETCATALOG_COMPILER_APPICON_NAME = AppIcon;
				ASSETCATALOG_COMPILER_GLOBAL_ACCENT_COLOR_NAME = AccentColor;
				CODE_SIGN_ENTITLEMENTS = ImageCompress/ImageCompress.entitlements;
				CODE_SIGN_STYLE = Automatic;
				CURRENT_PROJECT_VERSION = 1;
				DEVELOPMENT_TEAM = HW9XJ9J5M2;
				GENERATE_INFOPLIST_FILE = YES;
				INFOPLIST_FILE = ImageCompress/Resources/Info.plist;
				INFOPLIST_KEY_NSAppleMusicUsageDescription = "Permission is required to access QR images from the gallery.";
				INFOPLIST_KEY_NSPhotoLibraryAddUsageDescription = "Permission is required to save QR images.";
				INFOPLIST_KEY_NSPhotoLibraryUsageDescription = "";
				INFOPLIST_KEY_NSUserTrackingUsageDescription = "This app requests user tracking to provide personalized ads. If you decline tracking, more general ads may be shown.";
				INFOPLIST_KEY_UIApplicationSupportsIndirectInputEvents = YES;
				INFOPLIST_KEY_UILaunchStoryboardName = LaunchScreen;
				INFOPLIST_KEY_UISupportedInterfaceOrientations_iPad = "UIInterfaceOrientationPortrait UIInterfaceOrientationPortraitUpsideDown UIInterfaceOrientationLandscapeLeft UIInterfaceOrientationLandscapeRight";
				INFOPLIST_KEY_UISupportedInterfaceOrientations_iPhone = "UIInterfaceOrientationPortrait UIInterfaceOrientationLandscapeLeft UIInterfaceOrientationLandscapeRight";
				INFOPLIST_KEY_UIUserInterfaceStyle = Light;
				IPHONEOS_DEPLOYMENT_TARGET = 14.0;
				LD_RUNPATH_SEARCH_PATHS = (
					"$(inherited)",
					"@executable_path/Frameworks",
				);
				MARKETING_VERSION = 1.0.3;
				PRODUCT_BUNDLE_IDENTIFIER = com.jiny.swift.ImageCompress;
				PRODUCT_NAME = LitePhoto;
				SUPPORTED_PLATFORMS = "iphoneos iphonesimulator";
				SUPPORTS_MACCATALYST = NO;
				SWIFT_EMIT_LOC_STRINGS = YES;
				SWIFT_VERSION = 5.0;
				TARGETED_DEVICE_FAMILY = 1;
			};
			name = Debug;
		};
		30BBAA1A2CB501E400A84090 /* Release */ = {
			isa = XCBuildConfiguration;
			buildSettings = {
				ASSETCATALOG_COMPILER_APPICON_NAME = AppIcon;
				ASSETCATALOG_COMPILER_GLOBAL_ACCENT_COLOR_NAME = AccentColor;
				CODE_SIGN_ENTITLEMENTS = ImageCompress/ImageCompress.entitlements;
				CODE_SIGN_STYLE = Automatic;
				CURRENT_PROJECT_VERSION = 1;
				DEVELOPMENT_TEAM = HW9XJ9J5M2;
				GENERATE_INFOPLIST_FILE = YES;
				INFOPLIST_FILE = ImageCompress/Resources/Info.plist;
				INFOPLIST_KEY_NSAppleMusicUsageDescription = "Permission is required to access QR images from the gallery.";
				INFOPLIST_KEY_NSPhotoLibraryAddUsageDescription = "Permission is required to save QR images.";
				INFOPLIST_KEY_NSPhotoLibraryUsageDescription = "";
				INFOPLIST_KEY_NSUserTrackingUsageDescription = "This app requests user tracking to provide personalized ads. If you decline tracking, more general ads may be shown.";
				INFOPLIST_KEY_UIApplicationSupportsIndirectInputEvents = YES;
				INFOPLIST_KEY_UILaunchStoryboardName = LaunchScreen;
				INFOPLIST_KEY_UISupportedInterfaceOrientations_iPad = "UIInterfaceOrientationPortrait UIInterfaceOrientationPortraitUpsideDown UIInterfaceOrientationLandscapeLeft UIInterfaceOrientationLandscapeRight";
				INFOPLIST_KEY_UISupportedInterfaceOrientations_iPhone = "UIInterfaceOrientationPortrait UIInterfaceOrientationLandscapeLeft UIInterfaceOrientationLandscapeRight";
				INFOPLIST_KEY_UIUserInterfaceStyle = Light;
				IPHONEOS_DEPLOYMENT_TARGET = 14.0;
				LD_RUNPATH_SEARCH_PATHS = (
					"$(inherited)",
					"@executable_path/Frameworks",
				);
				MARKETING_VERSION = 1.0.3;
				PRODUCT_BUNDLE_IDENTIFIER = com.jiny.swift.ImageCompress;
				PRODUCT_NAME = LitePhoto;
				SUPPORTED_PLATFORMS = "iphoneos iphonesimulator";
				SUPPORTS_MACCATALYST = NO;
				SWIFT_EMIT_LOC_STRINGS = YES;
				SWIFT_VERSION = 5.0;
				TARGETED_DEVICE_FAMILY = 1;
			};
			name = Release;
		};
		30BBAA1C2CB501E400A84090 /* Debug */ = {
			isa = XCBuildConfiguration;
			buildSettings = {
				ALWAYS_EMBED_SWIFT_STANDARD_LIBRARIES = YES;
				BUNDLE_LOADER = "$(TEST_HOST)";
				CODE_SIGN_STYLE = Automatic;
				CURRENT_PROJECT_VERSION = 1;
				DEVELOPMENT_TEAM = HW9XJ9J5M2;
				GENERATE_INFOPLIST_FILE = YES;
				IPHONEOS_DEPLOYMENT_TARGET = 17.5;
				MARKETING_VERSION = 1.0;
				PRODUCT_BUNDLE_IDENTIFIER = com.jiny.swift.WithRunningTests;
				PRODUCT_NAME = "$(TARGET_NAME)";
				SWIFT_EMIT_LOC_STRINGS = NO;
				SWIFT_VERSION = 5.0;
				TARGETED_DEVICE_FAMILY = "1,2";
				TEST_HOST = "$(BUILT_PRODUCTS_DIR)/ImageCompress.app/$(BUNDLE_EXECUTABLE_FOLDER_PATH)/ImageCompress";
			};
			name = Debug;
		};
		30BBAA1D2CB501E400A84090 /* Release */ = {
			isa = XCBuildConfiguration;
			buildSettings = {
				ALWAYS_EMBED_SWIFT_STANDARD_LIBRARIES = YES;
				BUNDLE_LOADER = "$(TEST_HOST)";
				CODE_SIGN_STYLE = Automatic;
				CURRENT_PROJECT_VERSION = 1;
				DEVELOPMENT_TEAM = HW9XJ9J5M2;
				GENERATE_INFOPLIST_FILE = YES;
				IPHONEOS_DEPLOYMENT_TARGET = 17.5;
				MARKETING_VERSION = 1.0;
				PRODUCT_BUNDLE_IDENTIFIER = com.jiny.swift.WithRunningTests;
				PRODUCT_NAME = "$(TARGET_NAME)";
				SWIFT_EMIT_LOC_STRINGS = NO;
				SWIFT_VERSION = 5.0;
				TARGETED_DEVICE_FAMILY = "1,2";
				TEST_HOST = "$(BUILT_PRODUCTS_DIR)/ImageCompress.app/$(BUNDLE_EXECUTABLE_FOLDER_PATH)/ImageCompress";
			};
			name = Release;
		};
		30BBAA1F2CB501E400A84090 /* Debug */ = {
			isa = XCBuildConfiguration;
			buildSettings = {
				ALWAYS_EMBED_SWIFT_STANDARD_LIBRARIES = YES;
				CODE_SIGN_STYLE = Automatic;
				CURRENT_PROJECT_VERSION = 1;
				DEVELOPMENT_TEAM = HW9XJ9J5M2;
				GENERATE_INFOPLIST_FILE = YES;
				MARKETING_VERSION = 1.0;
				PRODUCT_BUNDLE_IDENTIFIER = com.jiny.swift.WithRunningUITests;
				PRODUCT_NAME = "$(TARGET_NAME)";
				SWIFT_EMIT_LOC_STRINGS = NO;
				SWIFT_VERSION = 5.0;
				TARGETED_DEVICE_FAMILY = "1,2";
				TEST_TARGET_NAME = WithRunning;
			};
			name = Debug;
		};
		30BBAA202CB501E400A84090 /* Release */ = {
			isa = XCBuildConfiguration;
			buildSettings = {
				ALWAYS_EMBED_SWIFT_STANDARD_LIBRARIES = YES;
				CODE_SIGN_STYLE = Automatic;
				CURRENT_PROJECT_VERSION = 1;
				DEVELOPMENT_TEAM = HW9XJ9J5M2;
				GENERATE_INFOPLIST_FILE = YES;
				MARKETING_VERSION = 1.0;
				PRODUCT_BUNDLE_IDENTIFIER = com.jiny.swift.WithRunningUITests;
				PRODUCT_NAME = "$(TARGET_NAME)";
				SWIFT_EMIT_LOC_STRINGS = NO;
				SWIFT_VERSION = 5.0;
				TARGETED_DEVICE_FAMILY = "1,2";
				TEST_TARGET_NAME = WithRunning;
			};
			name = Release;
		};
/* End XCBuildConfiguration section */

/* Begin XCConfigurationList section */
		30BBA9E92CB501E300A84090 /* Build configuration list for PBXProject "ImageCompress" */ = {
			isa = XCConfigurationList;
			buildConfigurations = (
				30BBAA162CB501E400A84090 /* Debug */,
				30BBAA172CB501E400A84090 /* Release */,
			);
			defaultConfigurationIsVisible = 0;
			defaultConfigurationName = Release;
		};
		30BBAA182CB501E400A84090 /* Build configuration list for PBXNativeTarget "ImageCompress" */ = {
			isa = XCConfigurationList;
			buildConfigurations = (
				30BBAA192CB501E400A84090 /* Debug */,
				30BBAA1A2CB501E400A84090 /* Release */,
			);
			defaultConfigurationIsVisible = 0;
			defaultConfigurationName = Release;
		};
		30BBAA1B2CB501E400A84090 /* Build configuration list for PBXNativeTarget "ImageCompressTests" */ = {
			isa = XCConfigurationList;
			buildConfigurations = (
				30BBAA1C2CB501E400A84090 /* Debug */,
				30BBAA1D2CB501E400A84090 /* Release */,
			);
			defaultConfigurationIsVisible = 0;
			defaultConfigurationName = Release;
		};
		30BBAA1E2CB501E400A84090 /* Build configuration list for PBXNativeTarget "ImageCompressUITests" */ = {
			isa = XCConfigurationList;
			buildConfigurations = (
				30BBAA1F2CB501E400A84090 /* Debug */,
				30BBAA202CB501E400A84090 /* Release */,
			);
			defaultConfigurationIsVisible = 0;
			defaultConfigurationName = Release;
		};
/* End XCConfigurationList section */

/* Begin XCRemoteSwiftPackageReference section */
		30A2B1C02CE7AFDF00063D92 /* XCRemoteSwiftPackageReference "SnapKit" */ = {
			isa = XCRemoteSwiftPackageReference;
			repositoryURL = "https://github.com/SnapKit/SnapKit.git";
			requirement = {
				kind = upToNextMajorVersion;
				minimumVersion = 5.7.1;
			};
		};
		30E4AE4A2CEAD42800B6C503 /* XCRemoteSwiftPackageReference "swift-package-manager-google-mobile-ads" */ = {
			isa = XCRemoteSwiftPackageReference;
			repositoryURL = "https://github.com/googleads/swift-package-manager-google-mobile-ads.git";
			requirement = {
				kind = upToNextMajorVersion;
				minimumVersion = 11.12.0;
			};
		};
/* End XCRemoteSwiftPackageReference section */

/* Begin XCSwiftPackageProductDependency section */
		30A2B1C12CE7B06600063D92 /* SnapKit */ = {
			isa = XCSwiftPackageProductDependency;
			package = 30A2B1C02CE7AFDF00063D92 /* XCRemoteSwiftPackageReference "SnapKit" */;
			productName = SnapKit;
		};
		30E4AE4B2CEAD42800B6C503 /* GoogleMobileAds */ = {
			isa = XCSwiftPackageProductDependency;
			package = 30E4AE4A2CEAD42800B6C503 /* XCRemoteSwiftPackageReference "swift-package-manager-google-mobile-ads" */;
			productName = GoogleMobileAds;
		};
/* End XCSwiftPackageProductDependency section */
	};
	rootObject = 30BBA9E62CB501E300A84090 /* Project object */;
}
